# This file is automatically @generated by Cargo.
# It is not intended for manual editing.
version = 4

[[package]]
name = "rustinfer-core"
version = "0.1.0"

[[package]]
name = "rustinfer-cuda"
version = "0.1.0"
dependencies = [
 "rustinfer-core",
]

[[package]]
name = "rustinfer-model"
version = "0.1.0"
dependencies = [
 "rustinfer-core",
 "rustinfer-tensor",
]

[[package]]
name = "rustinfer-runtime"
version = "0.1.0"
dependencies = [
 "rustinfer-core",
 "rustinfer-cuda",
 "rustinfer-model",
 "rustinfer-tensor",
]

[[package]]
name = "rustinfer-scheduler"
version = "0.1.0"
dependencies = [
 "rustinfer-core",
 "rustinfer-runtime",
]

[[package]]
name = "rustinfer-server"
version = "0.1.0"
dependencies = [
 "rustinfer-core",
 "rustinfer-scheduler",
]

[[package]]
name = "rustinfer-tensor"
version = "0.1.0"
dependencies = [
 "rustinfer-core",
 "rustinfer-cuda",
]
